{
  "nodes": {
    "devenv": {
      "locked": {
        "dir": "src/modules",
        "lastModified": 1776863933,
        "narHash": "sha256-v9NoQFSln9n5zqVWUWUc9PajsMaGmga51HOAJqMx7Qw=",
        "owner": "cachix",
        "repo": "devenv",
        "rev": "863b4204725efaeeb73811e376f928232b720646",
        "type": "github"
      },
      "original": {
        "dir": "src/modules",
        "owner": "cachix",
        "repo": "devenv",
        "type": "github"
      }
    },
    "my-nur": {
      "inputs": {
        "nixpkgs": "nixpkgs"
      },
      "locked": {
        "lastModified": 1776845082,
        "narHash": "sha256-qnjtxUPx/eLaT5VxbwsS215bTY+BCoTBmHXqYATK/0U=",
        "ref": "refs/heads/main",
        "rev": "59f3880c60bfcfb304e431c99d20ea4d389752f2",
        "revCount": 60,
        "type": "git",
        "url": "https://git.iw2tryhard.dev/itscrystalline/nur-packages"
      },
      "original": {
        "type": "git",
        "url": "https://git.iw2tryhard.dev/itscrystalline/nur-packages"
      }
    },
    "nixpkgs": {
      "locked": {
        "lastModified": 1775579569,
        "narHash": "sha256-/m3yyS/EnXqoPGBJYVy4jTOsirdgsEZ3JdN2gGkBr14=",
        "owner": "NixOS",
        "repo": "nixpkgs",
        "rev": "dfd9566f82a6e1d55c30f861879186440614696e",
        "type": "github"
      },
      "original": {
        "owner": "NixOS",
        "ref": "nixpkgs-unstable",
        "repo": "nixpkgs",
        "type": "github"
      }
    },
    "nixpkgs-src": {
      "flake": false,
      "locked": {
        "lastModified": 1776329215,
        "narHash": "sha256-a8BYi3mzoJ/AcJP8UldOx8emoPRLeWqALZWu4ZvjPXw=",
        "owner": "NixOS",
        "repo": "nixpkgs",
        "rev": "b86751bc4085f48661017fa226dee99fab6c651b",
        "type": "github"
      },
      "original": {
        "owner": "NixOS",
        "ref": "nixpkgs-unstable",
        "repo": "nixpkgs",
        "type": "github"
      }
    },
    "nixpkgs-upstream": {
      "locked": {
        "lastModified": 1776548001,
        "narHash": "sha256-ZSK0NL4a1BwVbbTBoSnWgbJy9HeZFXLYQizjb2DPF24=",
        "owner": "nixOS",
        "repo": "nixpkgs",
        "rev": "b12141ef619e0a9c1c84dc8c684040326f27cdcc",
        "type": "github"
      },
      "original": {
        "owner": "nixOS",
        "ref": "nixos-unstable",
        "repo": "nixpkgs",
        "type": "github"
      }
    },
    "nixpkgs_2": {
      "inputs": {
        "nixpkgs-src": "nixpkgs-src"
      },
      "locked": {
        "lastModified": 1776852779,
        "narHash": "sha256-WwO/ITisCXwyiRgtktZgv3iGhAGO+IB5Av4kKCwezR0=",
        "owner": "cachix",
        "repo": "devenv-nixpkgs",
        "rev": "ec3063523dcd911aeadb50faa589f237cdab5853",
        "type": "github"
      },
      "original": {
        "owner": "cachix",
        "ref": "rolling",
        "repo": "devenv-nixpkgs",
        "type": "github"
      }
    },
    "root": {
      "inputs": {
        "devenv": "devenv",
        "my-nur": "my-nur",
        "nixpkgs": "nixpkgs_2",
        "nixpkgs-upstream": "nixpkgs-upstream"
      }
    }
  },
  "root": "root",
  "version": 7
}